{
  "name": "confluence-global-page-custom-ui-static",
  "version": "0.1.4",
  "lockfileVersion": 2,
  "requires": true,
  "packages": {
    "": {
      "name": "confluence-global-page-custom-ui-static",
      "version": "0.1.4",
      "engines": {
        "node": ">=16.0.0",
        "npm": ">=7.0.0"
      },
      "peerDependencies": {
        "shared": "file:../shared"
      }
    },
    "../node_modules/react": {
      "version": "16.14.0",
      "extraneous": true,
      "license": "MIT",
      "dependencies": {
        "loose-envify": "^1.1.0",
        "object-assign": "^4.1.1",
        "prop-types": "^15.6.2"
      },
      "engines": {
        "node": ">=0.10.0"
      }
    },
    "../shared": {
      "version": "0.0.0",
      "license": "ISC",
      "peer": true
    },
    "node_modules/shared": {
      "resolved": "../shared",
      "link": true
    }
  },
  "dependencies": {
    "shared": {
      "version": "file:../shared"
    }
  }
}
