{
  "name": "space-settings",
  "version": "0.0.0",
  "lockfileVersion": 2,
  "requires": true,
  "packages": {
    "": {
      "name": "space-settings",
      "version": "0.0.0",
      "engines": {
        "node": ">=16.0.0",
        "npm": ">=7.0.0"
      },
      "peerDependencies": {
        "shared": "file:../shared"
      }
    },
    "../shared": {
      "version": "0.0.0",
      "license": "ISC",
      "peer": true
    },
    "node_modules/shared": {
      "resolved": "../shared",
      "link": true
    }
  },
  "dependencies": {
    "shared": {
      "version": "file:../shared"
    }
  }
}
